<?xml version="1.0" encoding="utf-8"?>
<Project ToolsVersion="4.0" xmlns="http://schemas.microsoft.com/developer/msbuild/2003">
  <ItemGroup>
    <Filter Include="source">
      <UniqueIdentifier>{4FC737F1-C7A5-4376-A066-2A32D752A2FF}</UniqueIdentifier>
      <Extensions>cpp;c;cc;cxx;c++;cppm;ixx;def;odl;idl;hpj;bat;asm;asmx</Extensions>
    </Filter>
    <Filter Include="source\mode">
      <UniqueIdentifier>{e5cfc242-9caf-43d8-b855-d515320f206f}</UniqueIdentifier>
    </Filter>
    <Filter Include="source\object">
      <UniqueIdentifier>{eeb7738d-37a2-4075-99e8-a493dad62396}</UniqueIdentifier>
    </Filter>
    <Filter Include="source\object\title">
      <UniqueIdentifier>{8f53cc26-d6a0-4078-949f-a8c926bd295b}</UniqueIdentifier>
    </Filter>
  </ItemGroup>
  <ItemGroup>
    <ClCompile Include="source\ModeTitle.cpp">
      <Filter>source\mode</Filter>
    </ClCompile>
    <ClCompile Include="source\ModeGame.cpp">
      <Filter>source\mode</Filter>
    </ClCompile>
    <ClCompile Include="source\ModePause.cpp">
      <Filter>source\mode</Filter>
    </ClCompile>
    <ClCompile Include="source\ModeGameResult.cpp">
      <Filter>source\mode</Filter>
    </ClCompile>
    <ClCompile Include="source\ModeGameOver.cpp">
      <Filter>source\mode</Filter>
    </ClCompile>
    <ClCompile Include="source\ActorBase2d.cpp">
      <Filter>source\object</Filter>
    </ClCompile>
    <ClCompile Include="source\TitlePlayer.cpp">
      <Filter>source\object\title</Filter>
    </ClCompile>
    <ClCompile Include="source\ApplicationMain.cpp">
      <Filter>source\mode</Filter>
    </ClCompile>
    <ClCompile Include="source\ActorBase.cpp">
      <Filter>source\object</Filter>
    </ClCompile>
  </ItemGroup>
  <ItemGroup>
    <ClInclude Include="source\ModeTitle.h">
      <Filter>source\mode</Filter>
    </ClInclude>
    <ClInclude Include="source\ModeGame.h">
      <Filter>source\mode</Filter>
    </ClInclude>
    <ClInclude Include="source\ModePause.h">
      <Filter>source\mode</Filter>
    </ClInclude>
    <ClInclude Include="source\ModeGameResult.h">
      <Filter>source\mode</Filter>
    </ClInclude>
    <ClInclude Include="source\ModeGameOver.h">
      <Filter>source\mode</Filter>
    </ClInclude>
    <ClInclude Include="source\ActorBase2d.h">
      <Filter>source\object</Filter>
    </ClInclude>
    <ClInclude Include="source\TitlePlayer.h">
      <Filter>source\object\title</Filter>
    </ClInclude>
    <ClInclude Include="source\ApplicationMain.h">
      <Filter>source\mode</Filter>
    </ClInclude>
    <ClInclude Include="source\ActorBase.h">
      <Filter>source\object</Filter>
    </ClInclude>
  </ItemGroup>
</Project>