<?xml version="1.0" encoding="utf-8"?>
<Project ToolsVersion="4.0" xmlns="http://schemas.microsoft.com/developer/msbuild/2003">
  <ItemGroup>
    <Filter Include="source">
      <UniqueIdentifier>{4FC737F1-C7A5-4376-A066-2A32D752A2FF}</UniqueIdentifier>
      <Extensions>cpp;c;cc;cxx;c++;cppm;ixx;def;odl;idl;hpj;bat;asm;asmx</Extensions>
    </Filter>
    <Filter Include="source\ResourceServer">
      <UniqueIdentifier>{52d70371-9f08-47a3-b018-e751a2a6bf09}</UniqueIdentifier>
    </Filter>
    <Filter Include="source\Object">
      <UniqueIdentifier>{7422c3fe-f4e2-4f3e-9f55-d6560ee84fba}</UniqueIdentifier>
    </Filter>
    <Filter Include="source\Application">
      <UniqueIdentifier>{99a84c11-06de-4ec3-b42d-f157ce3f07b7}</UniqueIdentifier>
    </Filter>
    <Filter Include="source\Mode">
      <UniqueIdentifier>{8531f183-e42e-454f-b085-44278d9c3903}</UniqueIdentifier>
    </Filter>
    <Filter Include="source\Math">
      <UniqueIdentifier>{adb50178-8503-4cd3-aa02-1f3d5bc8a761}</UniqueIdentifier>
    </Filter>
    <Filter Include="source\ScliptEngin">
      <UniqueIdentifier>{f7001ca2-cb2e-4783-9ea9-7242b31127b5}</UniqueIdentifier>
    </Filter>
  </ItemGroup>
  <ItemGroup>
    <ClInclude Include="source\ResourceServer\ResourceServer.h">
      <Filter>source\ResourceServer</Filter>
    </ClInclude>
    <ClInclude Include="source\Application\ApplicationBase.h">
      <Filter>source\Application</Filter>
    </ClInclude>
    <ClInclude Include="source\Application\input_manager.h">
      <Filter>source\Application</Filter>
    </ClInclude>
    <ClInclude Include="source\Mode\ModeServer.h">
      <Filter>source\Mode</Filter>
    </ClInclude>
    <ClInclude Include="source\Mode\ModeBase.h">
      <Filter>source\Mode</Filter>
    </ClInclude>
    <ClInclude Include="source\Application\UtilMacro.h">
      <Filter>source\Application</Filter>
    </ClInclude>
    <ClInclude Include="source\Object\ObjectBase.h">
      <Filter>source\Object</Filter>
    </ClInclude>
    <ClInclude Include="source\Object\ObjectServer.h">
      <Filter>source\Object</Filter>
    </ClInclude>
    <ClInclude Include="source\Math\2dCollision.h">
      <Filter>source\Math</Filter>
    </ClInclude>
    <ClInclude Include="source\Math\dx_utility.h">
      <Filter>source\Math</Filter>
    </ClInclude>
    <ClInclude Include="source\Math\math.h">
      <Filter>source\Math</Filter>
    </ClInclude>
    <ClInclude Include="source\Math\matrix33.h">
      <Filter>source\Math</Filter>
    </ClInclude>
    <ClInclude Include="source\Math\matrix44.h">
      <Filter>source\Math</Filter>
    </ClInclude>
    <ClInclude Include="source\Math\rect.h">
      <Filter>source\Math</Filter>
    </ClInclude>
    <ClInclude Include="source\Math\vector4.h">
      <Filter>source\Math</Filter>
    </ClInclude>
    <ClInclude Include="source\Math\vector2.h">
      <Filter>source\Math</Filter>
    </ClInclude>
    <ClInclude Include="source\Math\utility.h">
      <Filter>source\Math</Filter>
    </ClInclude>
    <ClInclude Include="source\appframe.h" />
    <ClInclude Include="source\Math\Easing.h">
      <Filter>source\Math</Filter>
    </ClInclude>
    <ClInclude Include="source\Application\ScliptFlagManager.h">
      <Filter>source\Application</Filter>
    </ClInclude>
    <ClInclude Include="source\Mode\ModeSclipt.h">
      <Filter>source\Mode</Filter>
    </ClInclude>
    <ClInclude Include="source\ScliptEngin\command_base.h">
      <Filter>source\ScliptEngin</Filter>
    </ClInclude>
    <ClInclude Include="source\ScliptEngin\command_crfi.h">
      <Filter>source\ScliptEngin</Filter>
    </ClInclude>
    <ClInclude Include="source\ScliptEngin\command_crfo.h">
      <Filter>source\ScliptEngin</Filter>
    </ClInclude>
    <ClInclude Include="source\ScliptEngin\command_drawin.h">
      <Filter>source\ScliptEngin</Filter>
    </ClInclude>
    <ClInclude Include="source\ScliptEngin\command_drawout.h">
      <Filter>source\ScliptEngin</Filter>
    </ClInclude>
    <ClInclude Include="source\ScliptEngin\command_imageload.h">
      <Filter>source\ScliptEngin</Filter>
    </ClInclude>
    <ClInclude Include="source\ScliptEngin\command_message.h">
      <Filter>source\ScliptEngin</Filter>
    </ClInclude>
    <ClInclude Include="source\ScliptEngin\command_movieplay.h">
      <Filter>source\ScliptEngin</Filter>
    </ClInclude>
    <ClInclude Include="source\ScliptEngin\command_musicbag.h">
      <Filter>source\ScliptEngin</Filter>
    </ClInclude>
    <ClInclude Include="source\ScliptEngin\command_musicloop.h">
      <Filter>source\ScliptEngin</Filter>
    </ClInclude>
    <ClInclude Include="source\ScliptEngin\command_musicstop.h">
      <Filter>source\ScliptEngin</Filter>
    </ClInclude>
    <ClInclude Include="source\ScliptEngin\command_seload.h">
      <Filter>source\ScliptEngin</Filter>
    </ClInclude>
    <ClInclude Include="source\ScliptEngin\rect.h">
      <Filter>source\ScliptEngin</Filter>
    </ClInclude>
    <ClInclude Include="source\ScliptEngin\script_engine.h">
      <Filter>source\ScliptEngin</Filter>
    </ClInclude>
    <ClInclude Include="source\ScliptEngin\scripts_data.h">
      <Filter>source\ScliptEngin</Filter>
    </ClInclude>
    <ClInclude Include="source\ScliptEngin\scripts_string.h">
      <Filter>source\ScliptEngin</Filter>
    </ClInclude>
    <ClInclude Include="source\Object\ActorBase2d.h">
      <Filter>source\Object</Filter>
    </ClInclude>
    <ClInclude Include="source\Object\ActorBase3D.h">
      <Filter>source\Object</Filter>
    </ClInclude>
  </ItemGroup>
  <ItemGroup>
    <ClCompile Include="source\Application\WinMain.cpp" />
    <ClCompile Include="source\ResourceServer\ResourceServer.cpp">
      <Filter>source\ResourceServer</Filter>
    </ClCompile>
    <ClCompile Include="source\Application\ApplicationBase.cpp">
      <Filter>source\Application</Filter>
    </ClCompile>
    <ClCompile Include="source\Application\input_manager.cpp">
      <Filter>source\Application</Filter>
    </ClCompile>
    <ClCompile Include="source\Mode\ModeServer.cpp">
      <Filter>source\Mode</Filter>
    </ClCompile>
    <ClCompile Include="source\Mode\ModeBase.cpp">
      <Filter>source\Mode</Filter>
    </ClCompile>
    <ClCompile Include="source\Object\ObjectBase.cpp">
      <Filter>source\Object</Filter>
    </ClCompile>
    <ClCompile Include="source\Object\ObjectServer.cpp">
      <Filter>source\Object</Filter>
    </ClCompile>
    <ClCompile Include="source\Math\2dCollision.cpp">
      <Filter>source\Math</Filter>
    </ClCompile>
    <ClCompile Include="source\Math\dx_utility.cpp">
      <Filter>source\Math</Filter>
    </ClCompile>
    <ClCompile Include="source\Math\math.cpp">
      <Filter>source\Math</Filter>
    </ClCompile>
    <ClCompile Include="source\Math\matrix33.cpp">
      <Filter>source\Math</Filter>
    </ClCompile>
    <ClCompile Include="source\Math\matrix44.cpp">
      <Filter>source\Math</Filter>
    </ClCompile>
    <ClCompile Include="source\Math\rect.cpp">
      <Filter>source\Math</Filter>
    </ClCompile>
    <ClCompile Include="source\Math\utility.cpp">
      <Filter>source\Math</Filter>
    </ClCompile>
    <ClCompile Include="source\Math\vector2.cpp">
      <Filter>source\Math</Filter>
    </ClCompile>
    <ClCompile Include="source\Math\vector4.cpp">
      <Filter>source\Math</Filter>
    </ClCompile>
    <ClCompile Include="source\Math\Easing.cpp">
      <Filter>source\Math</Filter>
    </ClCompile>
    <ClCompile Include="source\Application\ScliptFlagManager.cpp">
      <Filter>source\Application</Filter>
    </ClCompile>
    <ClCompile Include="source\Mode\ModeSclipt.cpp">
      <Filter>source\Mode</Filter>
    </ClCompile>
    <ClCompile Include="source\ScliptEngin\command_crfi.cpp">
      <Filter>source\ScliptEngin</Filter>
    </ClCompile>
    <ClCompile Include="source\ScliptEngin\command_crfo.cpp">
      <Filter>source\ScliptEngin</Filter>
    </ClCompile>
    <ClCompile Include="source\ScliptEngin\command_drawin.cpp">
      <Filter>source\ScliptEngin</Filter>
    </ClCompile>
    <ClCompile Include="source\ScliptEngin\command_drawout.cpp">
      <Filter>source\ScliptEngin</Filter>
    </ClCompile>
    <ClCompile Include="source\ScliptEngin\command_imageload.cpp">
      <Filter>source\ScliptEngin</Filter>
    </ClCompile>
    <ClCompile Include="source\ScliptEngin\command_message.cpp">
      <Filter>source\ScliptEngin</Filter>
    </ClCompile>
    <ClCompile Include="source\ScliptEngin\command_movieplay.cpp">
      <Filter>source\ScliptEngin</Filter>
    </ClCompile>
    <ClCompile Include="source\ScliptEngin\command_musicbag.cpp">
      <Filter>source\ScliptEngin</Filter>
    </ClCompile>
    <ClCompile Include="source\ScliptEngin\command_musicloop.cpp">
      <Filter>source\ScliptEngin</Filter>
    </ClCompile>
    <ClCompile Include="source\ScliptEngin\command_musicstop.cpp">
      <Filter>source\ScliptEngin</Filter>
    </ClCompile>
    <ClCompile Include="source\ScliptEngin\command_seload.cpp">
      <Filter>source\ScliptEngin</Filter>
    </ClCompile>
    <ClCompile Include="source\ScliptEngin\script_engine.cpp">
      <Filter>source\ScliptEngin</Filter>
    </ClCompile>
    <ClCompile Include="source\ScliptEngin\scripts_data.cpp">
      <Filter>source\ScliptEngin</Filter>
    </ClCompile>
    <ClCompile Include="source\ScliptEngin\scripts_string.cpp">
      <Filter>source\ScliptEngin</Filter>
    </ClCompile>
    <ClCompile Include="source\Object\ActorBase2d.cpp">
      <Filter>source\Object</Filter>
    </ClCompile>
    <ClCompile Include="source\Object\ActorBase3D.cpp">
      <Filter>source\Object</Filter>
    </ClCompile>
  </ItemGroup>
</Project>